{
  "name": "vanilla-ext",
  "version": "1.0.0",
  "lockfileVersion": 2,
  "requires": true,
  "packages": {
    "": {
      "name": "vanilla-ext",
      "version": "1.0.0",
      "license": "ISC",
      "devDependencies": {
        "@types/firefox-webext-browser": "^94.0.1"
      }
    },
    "node_modules/@types/firefox-webext-browser": {
      "version": "94.0.1",
      "resolved": "https://registry.npmjs.org/@types/firefox-webext-browser/-/firefox-webext-browser-94.0.1.tgz",
      "integrity": "sha512-I6iHRQJSTZ+gYt2IxdH2RRAMvcUyK8v5Ig7fHQR0IwUNYP7hz9+cziBVIKxLCO6XI7fiyRsNOWObfl3/4Js2Lg==",
      "dev": true
    }
  },
  "dependencies": {
    "@types/firefox-webext-browser": {
      "version": "94.0.1",
      "resolved": "https://registry.npmjs.org/@types/firefox-webext-browser/-/firefox-webext-browser-94.0.1.tgz",
      "integrity": "sha512-I6iHRQJSTZ+gYt2IxdH2RRAMvcUyK8v5Ig7fHQR0IwUNYP7hz9+cziBVIKxLCO6XI7fiyRsNOWObfl3/4Js2Lg==",
      "dev": true
    }
  }
}
